{
  "pins" : [
    {
      "identity" : "asyncninja",
      "kind" : "remoteSourceControl",
      "location" : "git@github.com:serg-vinnie/AsyncNinja.git",
      "state" : {
        "branch" : "master",
        "revision" : "7f76d8d1573760a1cc32548dba4a0f484795f9ff"
      }
    },
    {
      "identity" : "essentials",
      "kind" : "remoteSourceControl",
      "location" : "https://gitlab.com/sergiy.vynnychenko/essentials.git",
      "state" : {
        "branch" : "master",
        "revision" : "390bad500b02bb9f8f381232cfa054821ec9fe09"
      }
    }
  ],
  "version" : 2
}
