{
  "originHash" : "599f172a7a4bd85986ace5c98106e7050a46557efee730d2f0f718e82da557cf",
  "pins" : [
    {
      "identity" : "asyncninja",
      "kind" : "remoteSourceControl",
      "location" : "git@github.com:serg-vinnie/AsyncNinja.git",
      "state" : {
        "branch" : "master",
        "revision" : "f2c555857849fbb163fbff6a94efa1f6ca24ade6"
      }
    },
    {
      "identity" : "essentials",
      "kind" : "remoteSourceControl",
      "location" : "https://gitlab.com/sergiy.vynnychenko/essentials.git",
      "state" : {
        "branch" : "master",
        "revision" : "807dcbb48f5f2993ae73491c2cc0d99a85a8a25c"
      }
    },
    {
      "identity" : "moreswiftui",
      "kind" : "remoteSourceControl",
      "location" : "git@gitlab.com:UKS/moreswiftui.git",
      "state" : {
        "branch" : "main",
        "revision" : "8c66ed7dbcddb8e112a87df7f341ef3f10555df3"
      }
    },
    {
      "identity" : "swift-syntax",
      "kind" : "remoteSourceControl",
      "location" : "https://github.com/apple/swift-syntax.git",
      "state" : {
        "revision" : "64889f0c732f210a935a0ad7cda38f77f876262d",
        "version" : "509.1.1"
      }
    }
  ],
  "version" : 3
}
