{
  "pins" : [
    {
      "identity" : "asyncninja",
      "kind" : "remoteSourceControl",
      "location" : "git@github.com:serg-vinnie/AsyncNinja.git",
      "state" : {
        "branch" : "master",
        "revision" : "a13ffeda2d8e513e6ed97fbd4612f7770e7e1053"
      }
    },
    {
      "identity" : "essentials",
      "kind" : "remoteSourceControl",
      "location" : "git@gitlab.com:sergiy.vynnychenko/essentials.git",
      "state" : {
        "branch" : "master",
        "revision" : "c3f1fdebf0ae115fda5548cf91a4c993c51d80fd"
      }
    },
    {
      "identity" : "moreswiftui",
      "kind" : "remoteSourceControl",
      "location" : "git@gitlab.com:UKS/moreswiftui.git",
      "state" : {
        "branch" : "main",
        "revision" : "ebb243af3975e331f37d8195f0fa04db9aadfd17"
      }
    },
    {
      "identity" : "swift-syntax",
      "kind" : "remoteSourceControl",
      "location" : "https://github.com/apple/swift-syntax.git",
      "state" : {
        "revision" : "64889f0c732f210a935a0ad7cda38f77f876262d",
        "version" : "509.1.1"
      }
    },
    {
      "identity" : "witness",
      "kind" : "remoteSourceControl",
      "location" : "https://github.com/njdehoog/Witness.git",
      "state" : {
        "branch" : "master",
        "revision" : "b0469457b460fc78620e3b456fed9b18669100d5"
      }
    }
  ],
  "version" : 2
}
