// !$*UTF8*$!
{
	archiveVersion = 1;
	classes = {
	};
	objectVersion = 56;
	objects = {

/* Begin PBXBuildFile section */
		1D4A87B5298EE5390062686C /* TestSwiftUIApp.swift in Sources */ = {isa = PBXBuildFile; fileRef = 1D4A87B4298EE5390062686C /* TestSwiftUIApp.swift */; };
		1D4A87B7298EE5390062686C /* ContentView.swift in Sources */ = {isa = PBXBuildFile; fileRef = 1D4A87B6298EE5390062686C /* ContentView.swift */; };
		1D4A87B9298EE53B0062686C /* Assets.xcassets in Resources */ = {isa = PBXBuildFile; fileRef = 1D4A87B8298EE53B0062686C /* Assets.xcassets */; };
		1D4A87BC298EE53B0062686C /* Preview Assets.xcassets in Resources */ = {isa = PBXBuildFile; fileRef = 1D4A87BB298EE53B0062686C /* Preview Assets.xcassets */; };
		1DBD331C29AC117400A69C42 /* Tmp.swift in Sources */ = {isa = PBXBuildFile; fileRef = 1DBD331B29AC117400A69C42 /* Tmp.swift */; };
		1DDDED9C29B75DE300C48216 /* FBCollectionViewCell.swift in Sources */ = {isa = PBXBuildFile; fileRef = 1DDDED9929B75DE300C48216 /* FBCollectionViewCell.swift */; };
		1DDDED9D29B75DE300C48216 /* FBCollectionView.swift in Sources */ = {isa = PBXBuildFile; fileRef = 1DDDED9A29B75DE300C48216 /* FBCollectionView.swift */; };
		1DDDED9E29B75DE300C48216 /* FBCollectionView.CoordinatorAndDataSource.swift in Sources */ = {isa = PBXBuildFile; fileRef = 1DDDED9B29B75DE300C48216 /* FBCollectionView.CoordinatorAndDataSource.swift */; };
		1DDDEDA029B75E3100C48216 /* RecentFile.swift in Sources */ = {isa = PBXBuildFile; fileRef = 1DDDED9F29B75E3100C48216 /* RecentFile.swift */; };
		1DDDEDAB29B75FD900C48216 /* URL+FS.swift in Sources */ = {isa = PBXBuildFile; fileRef = 1DDDEDA629B75FD900C48216 /* URL+FS.swift */; };
		1DDDEDAC29B75FD900C48216 /* FS.swift in Sources */ = {isa = PBXBuildFile; fileRef = 1DDDEDA729B75FD900C48216 /* FS.swift */; };
		1DDDEDAD29B75FD900C48216 /* String+FS+FileInfo.swift in Sources */ = {isa = PBXBuildFile; fileRef = 1DDDEDA829B75FD900C48216 /* String+FS+FileInfo.swift */; };
		1DDDEDAE29B75FD900C48216 /* String+FS.swift in Sources */ = {isa = PBXBuildFile; fileRef = 1DDDEDA929B75FD900C48216 /* String+FS.swift */; };
		1DDDEDAF29B75FD900C48216 /* URL+FS+FileInfo.swift in Sources */ = {isa = PBXBuildFile; fileRef = 1DDDEDAA29B75FD900C48216 /* URL+FS+FileInfo.swift */; };
		1DDDEDB129B7604300C48216 /* URL+Ext.swift in Sources */ = {isa = PBXBuildFile; fileRef = 1DDDEDB029B7604300C48216 /* URL+Ext.swift */; };
		1DDDEDB329B760A300C48216 /* Color+Ext.swift in Sources */ = {isa = PBXBuildFile; fileRef = 1DDDEDB229B760A300C48216 /* Color+Ext.swift */; };
		1DDDEDB529B7612F00C48216 /* MDItem+Ext.swift in Sources */ = {isa = PBXBuildFile; fileRef = 1DDDEDB429B7612F00C48216 /* MDItem+Ext.swift */; };
		1DDDEDB729B762C800C48216 /* AppTile.swift in Sources */ = {isa = PBXBuildFile; fileRef = 1DDDEDB629B762C800C48216 /* AppTile.swift */; };
		1DDDEDBA29B762F800C48216 /* Space.swift in Sources */ = {isa = PBXBuildFile; fileRef = 1DDDEDB929B762F800C48216 /* Space.swift */; };
		1DDDEDBC29B7632E00C48216 /* UksImagePath.swift in Sources */ = {isa = PBXBuildFile; fileRef = 1DDDEDBB29B7632E00C48216 /* UksImagePath.swift */; };
		1DDDEDBF29B7639400C48216 /* AsyncNinja in Frameworks */ = {isa = PBXBuildFile; productRef = 1DDDEDBE29B7639400C48216 /* AsyncNinja */; };
		1DDDEDC129B764B200C48216 /* Date+Ext.swift in Sources */ = {isa = PBXBuildFile; fileRef = 1DDDEDC029B764B200C48216 /* Date+Ext.swift */; };
		E6CBE36029D21BA2006373E2 /* FBCollectionViewConroller.swift in Sources */ = {isa = PBXBuildFile; fileRef = E6CBE35F29D21BA2006373E2 /* FBCollectionViewConroller.swift */; };
/* End PBXBuildFile section */

/* Begin PBXFileReference section */
		1D4A87B1298EE5390062686C /* TestSwiftUI.app */ = {isa = PBXFileReference; explicitFileType = wrapper.application; includeInIndex = 0; path = TestSwiftUI.app; sourceTree = BUILT_PRODUCTS_DIR; };
		1D4A87B4298EE5390062686C /* TestSwiftUIApp.swift */ = {isa = PBXFileReference; lastKnownFileType = sourcecode.swift; path = TestSwiftUIApp.swift; sourceTree = "<group>"; };
		1D4A87B6298EE5390062686C /* ContentView.swift */ = {isa = PBXFileReference; lastKnownFileType = sourcecode.swift; path = ContentView.swift; sourceTree = "<group>"; };
		1D4A87B8298EE53B0062686C /* Assets.xcassets */ = {isa = PBXFileReference; lastKnownFileType = folder.assetcatalog; path = Assets.xcassets; sourceTree = "<group>"; };
		1D4A87BB298EE53B0062686C /* Preview Assets.xcassets */ = {isa = PBXFileReference; lastKnownFileType = folder.assetcatalog; path = "Preview Assets.xcassets"; sourceTree = "<group>"; };
		1D4A87BD298EE53B0062686C /* TestSwiftUI.entitlements */ = {isa = PBXFileReference; lastKnownFileType = text.plist.entitlements; path = TestSwiftUI.entitlements; sourceTree = "<group>"; };
		1DBD331B29AC117400A69C42 /* Tmp.swift */ = {isa = PBXFileReference; lastKnownFileType = sourcecode.swift; path = Tmp.swift; sourceTree = "<group>"; };
		1DDDED9929B75DE300C48216 /* FBCollectionViewCell.swift */ = {isa = PBXFileReference; fileEncoding = 4; lastKnownFileType = sourcecode.swift; path = FBCollectionViewCell.swift; sourceTree = "<group>"; };
		1DDDED9A29B75DE300C48216 /* FBCollectionView.swift */ = {isa = PBXFileReference; fileEncoding = 4; lastKnownFileType = sourcecode.swift; path = FBCollectionView.swift; sourceTree = "<group>"; };
		1DDDED9B29B75DE300C48216 /* FBCollectionView.CoordinatorAndDataSource.swift */ = {isa = PBXFileReference; fileEncoding = 4; lastKnownFileType = sourcecode.swift; path = FBCollectionView.CoordinatorAndDataSource.swift; sourceTree = "<group>"; };
		1DDDED9F29B75E3100C48216 /* RecentFile.swift */ = {isa = PBXFileReference; lastKnownFileType = sourcecode.swift; path = RecentFile.swift; sourceTree = "<group>"; };
		1DDDEDA629B75FD900C48216 /* URL+FS.swift */ = {isa = PBXFileReference; fileEncoding = 4; lastKnownFileType = sourcecode.swift; path = "URL+FS.swift"; sourceTree = "<group>"; };
		1DDDEDA729B75FD900C48216 /* FS.swift */ = {isa = PBXFileReference; fileEncoding = 4; lastKnownFileType = sourcecode.swift; path = FS.swift; sourceTree = "<group>"; };
		1DDDEDA829B75FD900C48216 /* String+FS+FileInfo.swift */ = {isa = PBXFileReference; fileEncoding = 4; lastKnownFileType = sourcecode.swift; path = "String+FS+FileInfo.swift"; sourceTree = "<group>"; };
		1DDDEDA929B75FD900C48216 /* String+FS.swift */ = {isa = PBXFileReference; fileEncoding = 4; lastKnownFileType = sourcecode.swift; path = "String+FS.swift"; sourceTree = "<group>"; };
		1DDDEDAA29B75FD900C48216 /* URL+FS+FileInfo.swift */ = {isa = PBXFileReference; fileEncoding = 4; lastKnownFileType = sourcecode.swift; path = "URL+FS+FileInfo.swift"; sourceTree = "<group>"; };
		1DDDEDB029B7604300C48216 /* URL+Ext.swift */ = {isa = PBXFileReference; lastKnownFileType = sourcecode.swift; path = "URL+Ext.swift"; sourceTree = "<group>"; };
		1DDDEDB229B760A300C48216 /* Color+Ext.swift */ = {isa = PBXFileReference; lastKnownFileType = sourcecode.swift; path = "Color+Ext.swift"; sourceTree = "<group>"; };
		1DDDEDB429B7612F00C48216 /* MDItem+Ext.swift */ = {isa = PBXFileReference; lastKnownFileType = sourcecode.swift; path = "MDItem+Ext.swift"; sourceTree = "<group>"; };
		1DDDEDB629B762C800C48216 /* AppTile.swift */ = {isa = PBXFileReference; lastKnownFileType = sourcecode.swift; path = AppTile.swift; sourceTree = "<group>"; };
		1DDDEDB929B762F800C48216 /* Space.swift */ = {isa = PBXFileReference; lastKnownFileType = sourcecode.swift; path = Space.swift; sourceTree = "<group>"; };
		1DDDEDBB29B7632E00C48216 /* UksImagePath.swift */ = {isa = PBXFileReference; lastKnownFileType = sourcecode.swift; path = UksImagePath.swift; sourceTree = "<group>"; };
		1DDDEDC029B764B200C48216 /* Date+Ext.swift */ = {isa = PBXFileReference; lastKnownFileType = sourcecode.swift; path = "Date+Ext.swift"; sourceTree = "<group>"; };
		E6CBE35F29D21BA2006373E2 /* FBCollectionViewConroller.swift */ = {isa = PBXFileReference; lastKnownFileType = sourcecode.swift; path = FBCollectionViewConroller.swift; sourceTree = "<group>"; };
/* End PBXFileReference section */

/* Begin PBXFrameworksBuildPhase section */
		1D4A87AE298EE5390062686C /* Frameworks */ = {
			isa = PBXFrameworksBuildPhase;
			buildActionMask = 2147483647;
			files = (
				1DDDEDBF29B7639400C48216 /* AsyncNinja in Frameworks */,
			);
			runOnlyForDeploymentPostprocessing = 0;
		};
/* End PBXFrameworksBuildPhase section */

/* Begin PBXGroup section */
		1D4A87A8298EE5390062686C = {
			isa = PBXGroup;
			children = (
				1D4A87B3298EE5390062686C /* TestSwiftUI */,
				1D4A87B2298EE5390062686C /* Products */,
			);
			sourceTree = "<group>";
		};
		1D4A87B2298EE5390062686C /* Products */ = {
			isa = PBXGroup;
			children = (
				1D4A87B1298EE5390062686C /* TestSwiftUI.app */,
			);
			name = Products;
			sourceTree = "<group>";
		};
		1D4A87B3298EE5390062686C /* TestSwiftUI */ = {
			isa = PBXGroup;
			children = (
				1DDDEDA429B75FC100C48216 /* Helpers */,
				1DDDED9829B75DE300C48216 /* FBCollectionView */,
				1D4A87B4298EE5390062686C /* TestSwiftUIApp.swift */,
				1D4A87B6298EE5390062686C /* ContentView.swift */,
				1D4A87B8298EE53B0062686C /* Assets.xcassets */,
				1D4A87BD298EE53B0062686C /* TestSwiftUI.entitlements */,
				1D4A87BA298EE53B0062686C /* Preview Content */,
				1DBD331B29AC117400A69C42 /* Tmp.swift */,
			);
			path = TestSwiftUI;
			sourceTree = "<group>";
		};
		1D4A87BA298EE53B0062686C /* Preview Content */ = {
			isa = PBXGroup;
			children = (
				1D4A87BB298EE53B0062686C /* Preview Assets.xcassets */,
			);
			path = "Preview Content";
			sourceTree = "<group>";
		};
		1DDDED9829B75DE300C48216 /* FBCollectionView */ = {
			isa = PBXGroup;
			children = (
				1DDDED9929B75DE300C48216 /* FBCollectionViewCell.swift */,
				1DDDED9A29B75DE300C48216 /* FBCollectionView.swift */,
				E6CBE35F29D21BA2006373E2 /* FBCollectionViewConroller.swift */,
				1DDDED9B29B75DE300C48216 /* FBCollectionView.CoordinatorAndDataSource.swift */,
			);
			path = FBCollectionView;
			sourceTree = "<group>";
		};
		1DDDEDA429B75FC100C48216 /* Helpers */ = {
			isa = PBXGroup;
			children = (
				1DDDEDB829B762E900C48216 /* SwiftUI */,
				1DDDED9F29B75E3100C48216 /* RecentFile.swift */,
				1DDDEDA529B75FD900C48216 /* FS */,
				1DDDEDB029B7604300C48216 /* URL+Ext.swift */,
				1DDDEDB229B760A300C48216 /* Color+Ext.swift */,
				1DDDEDB429B7612F00C48216 /* MDItem+Ext.swift */,
				1DDDEDB629B762C800C48216 /* AppTile.swift */,
				1DDDEDC029B764B200C48216 /* Date+Ext.swift */,
			);
			path = Helpers;
			sourceTree = "<group>";
		};
		1DDDEDA529B75FD900C48216 /* FS */ = {
			isa = PBXGroup;
			children = (
				1DDDEDA629B75FD900C48216 /* URL+FS.swift */,
				1DDDEDA729B75FD900C48216 /* FS.swift */,
				1DDDEDA829B75FD900C48216 /* String+FS+FileInfo.swift */,
				1DDDEDA929B75FD900C48216 /* String+FS.swift */,
				1DDDEDAA29B75FD900C48216 /* URL+FS+FileInfo.swift */,
			);
			path = FS;
			sourceTree = "<group>";
		};
		1DDDEDB829B762E900C48216 /* SwiftUI */ = {
			isa = PBXGroup;
			children = (
				1DDDEDB929B762F800C48216 /* Space.swift */,
				1DDDEDBB29B7632E00C48216 /* UksImagePath.swift */,
			);
			path = SwiftUI;
			sourceTree = "<group>";
		};
/* End PBXGroup section */

/* Begin PBXNativeTarget section */
		1D4A87B0298EE5390062686C /* TestSwiftUI */ = {
			isa = PBXNativeTarget;
			buildConfigurationList = 1D4A87C0298EE53B0062686C /* Build configuration list for PBXNativeTarget "TestSwiftUI" */;
			buildPhases = (
				1D4A87AD298EE5390062686C /* Sources */,
				1D4A87AE298EE5390062686C /* Frameworks */,
				1D4A87AF298EE5390062686C /* Resources */,
			);
			buildRules = (
			);
			dependencies = (
			);
			name = TestSwiftUI;
			packageProductDependencies = (
				1DDDEDBE29B7639400C48216 /* AsyncNinja */,
			);
			productName = TestSwiftUI;
			productReference = 1D4A87B1298EE5390062686C /* TestSwiftUI.app */;
			productType = "com.apple.product-type.application";
		};
/* End PBXNativeTarget section */

/* Begin PBXProject section */
		1D4A87A9298EE5390062686C /* Project object */ = {
			isa = PBXProject;
			attributes = {
				BuildIndependentTargetsInParallel = 1;
				LastSwiftUpdateCheck = 1420;
				LastUpgradeCheck = 1420;
				TargetAttributes = {
					1D4A87B0298EE5390062686C = {
						CreatedOnToolsVersion = 14.2;
					};
				};
			};
			buildConfigurationList = 1D4A87AC298EE5390062686C /* Build configuration list for PBXProject "TestSwiftUI" */;
			compatibilityVersion = "Xcode 14.0";
			developmentRegion = en;
			hasScannedForEncodings = 0;
			knownRegions = (
				en,
				Base,
			);
			mainGroup = 1D4A87A8298EE5390062686C;
			packageReferences = (
				1DDDEDBD29B7639400C48216 /* XCRemoteSwiftPackageReference "AsyncNinja" */,
			);
			productRefGroup = 1D4A87B2298EE5390062686C /* Products */;
			projectDirPath = "";
			projectRoot = "";
			targets = (
				1D4A87B0298EE5390062686C /* TestSwiftUI */,
			);
		};
/* End PBXProject section */

/* Begin PBXResourcesBuildPhase section */
		1D4A87AF298EE5390062686C /* Resources */ = {
			isa = PBXResourcesBuildPhase;
			buildActionMask = 2147483647;
			files = (
				1D4A87BC298EE53B0062686C /* Preview Assets.xcassets in Resources */,
				1D4A87B9298EE53B0062686C /* Assets.xcassets in Resources */,
			);
			runOnlyForDeploymentPostprocessing = 0;
		};
/* End PBXResourcesBuildPhase section */

/* Begin PBXSourcesBuildPhase section */
		1D4A87AD298EE5390062686C /* Sources */ = {
			isa = PBXSourcesBuildPhase;
			buildActionMask = 2147483647;
			files = (
				1DDDED9D29B75DE300C48216 /* FBCollectionView.swift in Sources */,
				E6CBE36029D21BA2006373E2 /* FBCollectionViewConroller.swift in Sources */,
				1DDDEDB329B760A300C48216 /* Color+Ext.swift in Sources */,
				1D4A87B7298EE5390062686C /* ContentView.swift in Sources */,
				1DDDEDAC29B75FD900C48216 /* FS.swift in Sources */,
				1DDDEDAD29B75FD900C48216 /* String+FS+FileInfo.swift in Sources */,
				1DDDED9E29B75DE300C48216 /* FBCollectionView.CoordinatorAndDataSource.swift in Sources */,
				1DDDEDBA29B762F800C48216 /* Space.swift in Sources */,
				1DDDEDAE29B75FD900C48216 /* String+FS.swift in Sources */,
				1DDDEDBC29B7632E00C48216 /* UksImagePath.swift in Sources */,
				1DDDEDC129B764B200C48216 /* Date+Ext.swift in Sources */,
				1DDDEDB729B762C800C48216 /* AppTile.swift in Sources */,
				1DDDEDAF29B75FD900C48216 /* URL+FS+FileInfo.swift in Sources */,
				1D4A87B5298EE5390062686C /* TestSwiftUIApp.swift in Sources */,
				1DBD331C29AC117400A69C42 /* Tmp.swift in Sources */,
				1DDDEDB529B7612F00C48216 /* MDItem+Ext.swift in Sources */,
				1DDDEDA029B75E3100C48216 /* RecentFile.swift in Sources */,
				1DDDEDB129B7604300C48216 /* URL+Ext.swift in Sources */,
				1DDDEDAB29B75FD900C48216 /* URL+FS.swift in Sources */,
				1DDDED9C29B75DE300C48216 /* FBCollectionViewCell.swift in Sources */,
			);
			runOnlyForDeploymentPostprocessing = 0;
		};
/* End PBXSourcesBuildPhase section */

/* Begin XCBuildConfiguration section */
		1D4A87BE298EE53B0062686C /* Debug */ = {
			isa = XCBuildConfiguration;
			buildSettings = {
				ALWAYS_SEARCH_USER_PATHS = NO;
				CLANG_ANALYZER_NONNULL = YES;
				CLANG_ANALYZER_NUMBER_OBJECT_CONVERSION = YES_AGGRESSIVE;
				CLANG_CXX_LANGUAGE_STANDARD = "gnu++20";
				CLANG_ENABLE_MODULES = YES;
				CLANG_ENABLE_OBJC_ARC = YES;
				CLANG_ENABLE_OBJC_WEAK = YES;
				CLANG_WARN_BLOCK_CAPTURE_AUTORELEASING = YES;
				CLANG_WARN_BOOL_CONVERSION = YES;
				CLANG_WARN_COMMA = YES;
				CLANG_WARN_CONSTANT_CONVERSION = YES;
				CLANG_WARN_DEPRECATED_OBJC_IMPLEMENTATIONS = YES;
				CLANG_WARN_DIRECT_OBJC_ISA_USAGE = YES_ERROR;
				CLANG_WARN_DOCUMENTATION_COMMENTS = YES;
				CLANG_WARN_EMPTY_BODY = YES;
				CLANG_WARN_ENUM_CONVERSION = YES;
				CLANG_WARN_INFINITE_RECURSION = YES;
				CLANG_WARN_INT_CONVERSION = YES;
				CLANG_WARN_NON_LITERAL_NULL_CONVERSION = YES;
				CLANG_WARN_OBJC_IMPLICIT_RETAIN_SELF = YES;
				CLANG_WARN_OBJC_LITERAL_CONVERSION = YES;
				CLANG_WARN_OBJC_ROOT_CLASS = YES_ERROR;
				CLANG_WARN_QUOTED_INCLUDE_IN_FRAMEWORK_HEADER = YES;
				CLANG_WARN_RANGE_LOOP_ANALYSIS = YES;
				CLANG_WARN_STRICT_PROTOTYPES = YES;
				CLANG_WARN_SUSPICIOUS_MOVE = YES;
				CLANG_WARN_UNGUARDED_AVAILABILITY = YES_AGGRESSIVE;
				CLANG_WARN_UNREACHABLE_CODE = YES;
				CLANG_WARN__DUPLICATE_METHOD_MATCH = YES;
				COPY_PHASE_STRIP = NO;
				DEBUG_INFORMATION_FORMAT = dwarf;
				ENABLE_STRICT_OBJC_MSGSEND = YES;
				ENABLE_TESTABILITY = YES;
				GCC_C_LANGUAGE_STANDARD = gnu11;
				GCC_DYNAMIC_NO_PIC = NO;
				GCC_NO_COMMON_BLOCKS = YES;
				GCC_OPTIMIZATION_LEVEL = 0;
				GCC_PREPROCESSOR_DEFINITIONS = (
					"DEBUG=1",
					"$(inherited)",
				);
				GCC_WARN_64_TO_32_BIT_CONVERSION = YES;
				GCC_WARN_ABOUT_RETURN_TYPE = YES_ERROR;
				GCC_WARN_UNDECLARED_SELECTOR = YES;
				GCC_WARN_UNINITIALIZED_AUTOS = YES_AGGRESSIVE;
				GCC_WARN_UNUSED_FUNCTION = YES;
				GCC_WARN_UNUSED_VARIABLE = YES;
				MACOSX_DEPLOYMENT_TARGET = 12.0;
				MTL_ENABLE_DEBUG_INFO = INCLUDE_SOURCE;
				MTL_FAST_MATH = YES;
				ONLY_ACTIVE_ARCH = YES;
				SDKROOT = macosx;
				SWIFT_ACTIVE_COMPILATION_CONDITIONS = DEBUG;
				SWIFT_OPTIMIZATION_LEVEL = "-Onone";
			};
			name = Debug;
		};
		1D4A87BF298EE53B0062686C /* Release */ = {
			isa = XCBuildConfiguration;
			buildSettings = {
				ALWAYS_SEARCH_USER_PATHS = NO;
				CLANG_ANALYZER_NONNULL = YES;
				CLANG_ANALYZER_NUMBER_OBJECT_CONVERSION = YES_AGGRESSIVE;
				CLANG_CXX_LANGUAGE_STANDARD = "gnu++20";
				CLANG_ENABLE_MODULES = YES;
				CLANG_ENABLE_OBJC_ARC = YES;
				CLANG_ENABLE_OBJC_WEAK = YES;
				CLANG_WARN_BLOCK_CAPTURE_AUTORELEASING = YES;
				CLANG_WARN_BOOL_CONVERSION = YES;
				CLANG_WARN_COMMA = YES;
				CLANG_WARN_CONSTANT_CONVERSION = YES;
				CLANG_WARN_DEPRECATED_OBJC_IMPLEMENTATIONS = YES;
				CLANG_WARN_DIRECT_OBJC_ISA_USAGE = YES_ERROR;
				CLANG_WARN_DOCUMENTATION_COMMENTS = YES;
				CLANG_WARN_EMPTY_BODY = YES;
				CLANG_WARN_ENUM_CONVERSION = YES;
				CLANG_WARN_INFINITE_RECURSION = YES;
				CLANG_WARN_INT_CONVERSION = YES;
				CLANG_WARN_NON_LITERAL_NULL_CONVERSION = YES;
				CLANG_WARN_OBJC_IMPLICIT_RETAIN_SELF = YES;
				CLANG_WARN_OBJC_LITERAL_CONVERSION = YES;
				CLANG_WARN_OBJC_ROOT_CLASS = YES_ERROR;
				CLANG_WARN_QUOTED_INCLUDE_IN_FRAMEWORK_HEADER = YES;
				CLANG_WARN_RANGE_LOOP_ANALYSIS = YES;
				CLANG_WARN_STRICT_PROTOTYPES = YES;
				CLANG_WARN_SUSPICIOUS_MOVE = YES;
				CLANG_WARN_UNGUARDED_AVAILABILITY = YES_AGGRESSIVE;
				CLANG_WARN_UNREACHABLE_CODE = YES;
				CLANG_WARN__DUPLICATE_METHOD_MATCH = YES;
				COPY_PHASE_STRIP = NO;
				DEBUG_INFORMATION_FORMAT = "dwarf-with-dsym";
				ENABLE_NS_ASSERTIONS = NO;
				ENABLE_STRICT_OBJC_MSGSEND = YES;
				GCC_C_LANGUAGE_STANDARD = gnu11;
				GCC_NO_COMMON_BLOCKS = YES;
				GCC_WARN_64_TO_32_BIT_CONVERSION = YES;
				GCC_WARN_ABOUT_RETURN_TYPE = YES_ERROR;
				GCC_WARN_UNDECLARED_SELECTOR = YES;
				GCC_WARN_UNINITIALIZED_AUTOS = YES_AGGRESSIVE;
				GCC_WARN_UNUSED_FUNCTION = YES;
				GCC_WARN_UNUSED_VARIABLE = YES;
				MACOSX_DEPLOYMENT_TARGET = 12.0;
				MTL_ENABLE_DEBUG_INFO = NO;
				MTL_FAST_MATH = YES;
				SDKROOT = macosx;
				SWIFT_COMPILATION_MODE = wholemodule;
				SWIFT_OPTIMIZATION_LEVEL = "-O";
			};
			name = Release;
		};
		1D4A87C1298EE53B0062686C /* Debug */ = {
			isa = XCBuildConfiguration;
			buildSettings = {
				ASSETCATALOG_COMPILER_APPICON_NAME = AppIcon;
				ASSETCATALOG_COMPILER_GLOBAL_ACCENT_COLOR_NAME = AccentColor;
				CODE_SIGN_ENTITLEMENTS = TestSwiftUI/TestSwiftUI.entitlements;
				CODE_SIGN_STYLE = Automatic;
				COMBINE_HIDPI_IMAGES = YES;
				CURRENT_PROJECT_VERSION = 1;
				DEVELOPMENT_ASSET_PATHS = "\"TestSwiftUI/Preview Content\"";
				DEVELOPMENT_TEAM = RPH4S2457V;
				ENABLE_HARDENED_RUNTIME = YES;
				ENABLE_PREVIEWS = YES;
				GENERATE_INFOPLIST_FILE = YES;
				INFOPLIST_KEY_NSHumanReadableCopyright = "";
				LD_RUNPATH_SEARCH_PATHS = (
					"$(inherited)",
					"@executable_path/../Frameworks",
				);
				MARKETING_VERSION = 1.0;
				PRODUCT_BUNDLE_IDENTIFIER = com.chekaZuja.TestSwiftUI;
				PRODUCT_NAME = "$(TARGET_NAME)";
				SWIFT_EMIT_LOC_STRINGS = YES;
				SWIFT_VERSION = 5.0;
			};
			name = Debug;
		};
		1D4A87C2298EE53B0062686C /* Release */ = {
			isa = XCBuildConfiguration;
			buildSettings = {
				ASSETCATALOG_COMPILER_APPICON_NAME = AppIcon;
				ASSETCATALOG_COMPILER_GLOBAL_ACCENT_COLOR_NAME = AccentColor;
				CODE_SIGN_ENTITLEMENTS = TestSwiftUI/TestSwiftUI.entitlements;
				CODE_SIGN_STYLE = Automatic;
				COMBINE_HIDPI_IMAGES = YES;
				CURRENT_PROJECT_VERSION = 1;
				DEVELOPMENT_ASSET_PATHS = "\"TestSwiftUI/Preview Content\"";
				DEVELOPMENT_TEAM = RPH4S2457V;
				ENABLE_HARDENED_RUNTIME = YES;
				ENABLE_PREVIEWS = YES;
				GENERATE_INFOPLIST_FILE = YES;
				INFOPLIST_KEY_NSHumanReadableCopyright = "";
				LD_RUNPATH_SEARCH_PATHS = (
					"$(inherited)",
					"@executable_path/../Frameworks",
				);
				MARKETING_VERSION = 1.0;
				PRODUCT_BUNDLE_IDENTIFIER = com.chekaZuja.TestSwiftUI;
				PRODUCT_NAME = "$(TARGET_NAME)";
				SWIFT_EMIT_LOC_STRINGS = YES;
				SWIFT_VERSION = 5.0;
			};
			name = Release;
		};
/* End XCBuildConfiguration section */

/* Begin XCConfigurationList section */
		1D4A87AC298EE5390062686C /* Build configuration list for PBXProject "TestSwiftUI" */ = {
			isa = XCConfigurationList;
			buildConfigurations = (
				1D4A87BE298EE53B0062686C /* Debug */,
				1D4A87BF298EE53B0062686C /* Release */,
			);
			defaultConfigurationIsVisible = 0;
			defaultConfigurationName = Release;
		};
		1D4A87C0298EE53B0062686C /* Build configuration list for PBXNativeTarget "TestSwiftUI" */ = {
			isa = XCConfigurationList;
			buildConfigurations = (
				1D4A87C1298EE53B0062686C /* Debug */,
				1D4A87C2298EE53B0062686C /* Release */,
			);
			defaultConfigurationIsVisible = 0;
			defaultConfigurationName = Release;
		};
/* End XCConfigurationList section */

/* Begin XCRemoteSwiftPackageReference section */
		1DDDEDBD29B7639400C48216 /* XCRemoteSwiftPackageReference "AsyncNinja" */ = {
			isa = XCRemoteSwiftPackageReference;
			repositoryURL = "git@github.com:serg-vinnie/AsyncNinja.git";
			requirement = {
				branch = master;
				kind = branch;
			};
		};
/* End XCRemoteSwiftPackageReference section */

/* Begin XCSwiftPackageProductDependency section */
		1DDDEDBE29B7639400C48216 /* AsyncNinja */ = {
			isa = XCSwiftPackageProductDependency;
			package = 1DDDEDBD29B7639400C48216 /* XCRemoteSwiftPackageReference "AsyncNinja" */;
			productName = AsyncNinja;
		};
/* End XCSwiftPackageProductDependency section */
	};
	rootObject = 1D4A87A9298EE5390062686C /* Project object */;
}
